# This file is automatically @generated by Cargo.
# It is not intended for manual editing.
version = 4

[[package]]
name = "takt-mcu-program"
version = "0.1.0"
dependencies = [
 "takt-rt-baremetal",
 "takt-rt-core",
]

[[package]]
name = "takt-native"
version = "0.1.0"

[[package]]
name = "takt-rt-baremetal"
version = "0.1.0"
dependencies = [
 "takt-rt-core",
]

[[package]]
name = "takt-rt-core"
version = "0.1.0"
dependencies = [
 "takt-native",
]
