# This file is automatically @generated by Cargo.
# It is not intended for manual editing.
version = 4

[[package]]
name = "bitflags"
version = "2.13.2"
source = "registry+https://github.com/rust-lang/crates.io-index"
checksum = "3ded4057c258ba199e2d26386d3af3780957ecaee6c4ef4041c6b4b8b97c0b06"

[[package]]
name = "cc"
version = "1.4.6"
source = "registry+https://github.com/rust-lang/crates.io-index"
checksum = "a3eb0f42d6c360dc3f8a821f6bf2fdea7f72bfd36b3076eb0e6d1e9e0752fff4"
dependencies = [
 "find-msvc-tools",
 "shlex",
]

[[package]]
name = "cfg-if"
version = "1.0.4"
source = "registry+https://github.com/rust-lang/crates.io-index"
checksum = "9330f8b2ff13f34540b44e946ef35111825727b38d33286ef986142615121801"

[[package]]
name = "errno"
version = "0.3.14"
source = "registry+https://github.com/rust-lang/crates.io-index"
checksum = "39cab71617ae0d63f51a36d69f866391735b51691dbda63cf6f96d042b63efeb"
dependencies = [
 "libc",
 "windows-sys",
]

[[package]]
name = "find-msvc-tools"
version = "0.1.12"
source = "registry+https://github.com/rust-lang/crates.io-index"
checksum = "3e0f1c7c3a72c66fd80abe965175f7523475c0489a87d3ff9d6e8c87d87a9d2d"

[[package]]
name = "hidapi"
version = "2.6.7"
source = "registry+https://github.com/rust-lang/crates.io-index"
checksum = "818c0e1d27887aaf76fe737042e27a66b796a7b099e6d2e1a72d106c2dff3fa6"
dependencies = [
 "cc",
 "cfg-if",
 "libc",
 "pkg-config",
 "windows-sys",
]

[[package]]
name = "libc"
version = "0.2.189"
source = "registry+https://github.com/rust-lang/crates.io-index"
checksum = "3eaf3ede3fee6db1a4c2ee091bf8a8b4dccdc6d17f656fb07896ee72867612f2"

[[package]]
name = "libtaktm"
version = "0.1.0"

[[package]]
name = "linux-raw-sys"
version = "0.12.1"
source = "registry+https://github.com/rust-lang/crates.io-index"
checksum = "32a66949e030da00e8c7d4434b251670a91556f4144941d37452769c25d58a53"

[[package]]
name = "pkg-config"
version = "0.3.34"
source = "registry+https://github.com/rust-lang/crates.io-index"
checksum = "f6b464fbc74e149a392436b17d523f769e057cb6877f6a5c4618bc6f11800548"

[[package]]
name = "rustix"
version = "1.1.4"
source = "registry+https://github.com/rust-lang/crates.io-index"
checksum = "b6fe4565b9518b83ef4f91bb47ce29620ca828bd32cb7e408f0062e9930ba190"
dependencies = [
 "bitflags",
 "errno",
 "libc",
 "linux-raw-sys",
 "windows-sys",
]

[[package]]
name = "shlex"
version = "2.0.1"
source = "registry+https://github.com/rust-lang/crates.io-index"
checksum = "f8fadd59c855ef2080decdef8ff161eb6661b86933c9d82e5ba29dc602a55aba"

[[package]]
name = "takt-board-support"
version = "0.1.0"

[[package]]
name = "takt-cli"
version = "0.1.0"
dependencies = [
 "takt-diag",
 "takt-interp",
 "takt-mir",
 "takt-sema",
 "takt-syntax",
]

[[package]]
name = "takt-conformance"
version = "0.1.0"
dependencies = [
 "takt-diag",
 "takt-interp",
 "takt-llvm",
 "takt-mir",
 "takt-sema",
]

[[package]]
name = "takt-diag"
version = "0.1.0"

[[package]]
name = "takt-flash-weact"
version = "0.1.0"
dependencies = [
 "hidapi",
]

[[package]]
name = "takt-hal"
version = "0.1.0"
dependencies = [
 "takt-diag",
 "takt-mir",
]

[[package]]
name = "takt-interp"
version = "0.1.0"
dependencies = [
 "libtaktm",
 "takt-diag",
 "takt-hal",
 "takt-match",
 "takt-mir",
 "takt-native",
 "takt-rt-core",
]

[[package]]
name = "takt-llvm"
version = "0.1.0"
dependencies = [
 "takt-diag",
 "takt-match",
 "takt-mir",
 "takt-sema",
]

[[package]]
name = "takt-match"
version = "0.1.0"

[[package]]
name = "takt-mir"
version = "0.1.0"
dependencies = [
 "takt-diag",
]

[[package]]
name = "takt-native"
version = "0.1.0"

[[package]]
name = "takt-rt-baremetal"
version = "0.1.0"
dependencies = [
 "takt-rt-core",
]

[[package]]
name = "takt-rt-core"
version = "0.1.0"

[[package]]
name = "takt-rt-linux"
version = "0.1.0"
dependencies = [
 "rustix",
 "takt-interp",
 "takt-rt-core",
]

[[package]]
name = "takt-sema"
version = "0.1.0"
dependencies = [
 "libtaktm",
 "takt-diag",
 "takt-interp",
 "takt-mir",
 "takt-native",
 "takt-syntax",
]

[[package]]
name = "takt-syntax"
version = "0.1.0"
dependencies = [
 "takt-diag",
]

[[package]]
name = "windows-link"
version = "0.2.1"
source = "registry+https://github.com/rust-lang/crates.io-index"
checksum = "f0805222e57f7521d6a62e36fa9163bc891acd422f971defe97d64e70d0a4fe5"

[[package]]
name = "windows-sys"
version = "0.61.2"
source = "registry+https://github.com/rust-lang/crates.io-index"
checksum = "ae137229bcbd6cdf0f7b80a31df61766145077ddf49416a728b02cb3921ff3fc"
dependencies = [
 "windows-link",
]
