# This file is automatically @generated by Cargo.
# It is not intended for manual editing.
version = 4

[[package]]
name = "libtaktm"
version = "0.1.0"

[[package]]
name = "takt-cli"
version = "0.1.0"
dependencies = [
 "takt-diag",
 "takt-interp",
 "takt-mir",
 "takt-sema",
 "takt-syntax",
]

[[package]]
name = "takt-diag"
version = "0.1.0"

[[package]]
name = "takt-hal"
version = "0.1.0"
dependencies = [
 "takt-diag",
 "takt-mir",
]

[[package]]
name = "takt-interp"
version = "0.1.0"
dependencies = [
 "libtaktm",
 "takt-diag",
 "takt-hal",
 "takt-mir",
]

[[package]]
name = "takt-mir"
version = "0.1.0"
dependencies = [
 "takt-diag",
]

[[package]]
name = "takt-sema"
version = "0.1.0"
dependencies = [
 "libtaktm",
 "takt-diag",
 "takt-interp",
 "takt-mir",
 "takt-syntax",
]

[[package]]
name = "takt-syntax"
version = "0.1.0"
dependencies = [
 "takt-diag",
]
